
Microsoft Visual Studio Solution File, Format Version 12.00
# Visual Studio Version 16
VisualStudioVersion = 16.0.30711.63
MinimumVisualStudioVersion = 10.0.40219.1
Project("{9A19103F-16F7-4668-BE54-9A1E7A4F7556}") = "movieApp", "movieApp\movieApp.csproj", "{4956F1C5-5027-49A4-9FA2-33CE9C743CD4}"
EndProject
Global
	GlobalSection(SolutionConfigurationPlatforms) = preSolution
		Debug|Any CPU = Debug|Any CPU
		Release|Any CPU = Release|Any CPU
	EndGlobalSection
	GlobalSection(ProjectConfigurationPlatforms) = postSolution
		{4956F1C5-5027-49A4-9FA2-33CE9C743CD4}.Debug|Any CPU.ActiveCfg = Debug|Any CPU
		{4956F1C5-5027-49A4-9FA2-33CE9C743CD4}.Debug|Any CPU.Build.0 = Debug|Any CPU
		{4956F1C5-5027-49A4-9FA2-33CE9C743CD4}.Release|Any CPU.ActiveCfg = Release|Any CPU
		{4956F1C5-5027-49A4-9FA2-33CE9C743CD4}.Release|Any CPU.Build.0 = Release|Any CPU
	EndGlobalSection
	GlobalSection(SolutionProperties) = preSolution
		HideSolutionNode = FALSE
	EndGlobalSection
	GlobalSection(ExtensibilityGlobals) = postSolution
		SolutionGuid = {165EC9C8-54A8-4B42-B640-81D6C1C99118}
	EndGlobalSection
EndGlobal
